
Microsoft Visual Studio Solution File, Format Version 12.00
# Visual Studio 15
VisualStudioVersion = 15.0.28307.572
MinimumVisualStudioVersion = 10.0.40219.1
Project("{FAE04EC0-301F-11D3-BF4B-00C04F79EFBC}") = "DBDRandomizer", "Program\DBDRandomizer.csproj", "{C44C8E14-10B0-42E6-BA18-B9E313AF6789}"
EndProject
Global
	GlobalSection(SolutionConfigurationPlatforms) = preSolution
		Debug|Any CPU = Debug|Any CPU
		Release|Any CPU = Release|Any CPU
	EndGlobalSection
	GlobalSection(ProjectConfigurationPlatforms) = postSolution
		{C44C8E14-10B0-42E6-BA18-B9E313AF6789}.Debug|Any CPU.ActiveCfg = Debug|Any CPU
		{C44C8E14-10B0-42E6-BA18-B9E313AF6789}.Debug|Any CPU.Build.0 = Debug|Any CPU
		{C44C8E14-10B0-42E6-BA18-B9E313AF6789}.Release|Any CPU.ActiveCfg = Release|Any CPU
		{C44C8E14-10B0-42E6-BA18-B9E313AF6789}.Release|Any CPU.Build.0 = Release|Any CPU
	EndGlobalSection
	GlobalSection(SolutionProperties) = preSolution
		HideSolutionNode = FALSE
	EndGlobalSection
	GlobalSection(ExtensibilityGlobals) = postSolution
		SolutionGuid = {E379E6C5-5612-471E-AE26-4BA140287A4A}
	EndGlobalSection
EndGlobal
